
Microsoft Visual Studio Solution File, Format Version 12.00
# Visual Studio Version 16
VisualStudioVersion = 16.0.30523.141
MinimumVisualStudioVersion = 10.0.40219.1
Project("{FAE04EC0-301F-11D3-BF4B-00C04F79EFBC}") = "WiredBrainCoffee.ShopInfoTool", "WiredBrainCoffee.ShopInfoTool\WiredBrainCoffee.ShopInfoTool.csproj", "{60929AB6-D722-4304-BC9B-8A026D82B803}"
EndProject
Project("{FAE04EC0-301F-11D3-BF4B-00C04F79EFBC}") = "WiredBrainCoffee.DataAccess", "..\..\..\Reserve01\WiredBrainCoffee.ShopInfoTool\WiredBrainCoffee.DataAccess\WiredBrainCoffee.DataAccess.csproj", "{DEAD535B-C3BC-4F3B-BE34-9F22059B45CA}"
EndProject
Global
	GlobalSection(SolutionConfigurationPlatforms) = preSolution
		Debug|Any CPU = Debug|Any CPU
		Release|Any CPU = Release|Any CPU
	EndGlobalSection
	GlobalSection(ProjectConfigurationPlatforms) = postSolution
		{60929AB6-D722-4304-BC9B-8A026D82B803}.Debug|Any CPU.ActiveCfg = Debug|Any CPU
		{60929AB6-D722-4304-BC9B-8A026D82B803}.Debug|Any CPU.Build.0 = Debug|Any CPU
		{60929AB6-D722-4304-BC9B-8A026D82B803}.Release|Any CPU.ActiveCfg = Release|Any CPU
		{60929AB6-D722-4304-BC9B-8A026D82B803}.Release|Any CPU.Build.0 = Release|Any CPU
		{DEAD535B-C3BC-4F3B-BE34-9F22059B45CA}.Debug|Any CPU.ActiveCfg = Debug|Any CPU
		{DEAD535B-C3BC-4F3B-BE34-9F22059B45CA}.Debug|Any CPU.Build.0 = Debug|Any CPU
		{DEAD535B-C3BC-4F3B-BE34-9F22059B45CA}.Release|Any CPU.ActiveCfg = Release|Any CPU
		{DEAD535B-C3BC-4F3B-BE34-9F22059B45CA}.Release|Any CPU.Build.0 = Release|Any CPU
	EndGlobalSection
	GlobalSection(SolutionProperties) = preSolution
		HideSolutionNode = FALSE
	EndGlobalSection
	GlobalSection(ExtensibilityGlobals) = postSolution
		SolutionGuid = {8288F2EC-263E-450B-B60C-2052FBE55743}
	EndGlobalSection
EndGlobal
